
Microsoft Visual Studio Solution File, Format Version 12.00
# Visual Studio Version 17
VisualStudioVersion = 17.1.32414.318
MinimumVisualStudioVersion = 10.0.40219.1
Project("{FAE04EC0-301F-11D3-BF4B-00C04F79EFBC}") = "IT.Core", "IT.Core\IT.Core.csproj", "{68E468A4-4CA0-4124-8B43-99E1B433975A}"
EndProject
Project("{FAE04EC0-301F-11D3-BF4B-00C04F79EFBC}") = "IT.Repository", "IT.Repository\IT.Repository.csproj", "{AA238E46-737D-4B7D-836A-A9D15A8418E1}"
EndProject
Project("{FAE04EC0-301F-11D3-BF4B-00C04F79EFBC}") = "IT.Service", "IT.Service\IT.Service.csproj", "{83A553B8-677C-4D31-A65A-A665BF925C0B}"
EndProject
Project("{FAE04EC0-301F-11D3-BF4B-00C04F79EFBC}") = "IT.API", "IT.API\IT.API.csproj", "{C86186D5-F46F-42F8-978A-1053B91CC883}"
EndProject
Project("{FAE04EC0-301F-11D3-BF4B-00C04F79EFBC}") = "IT.Web", "IT.Web\IT.Web.csproj", "{70EC28C6-3E1C-4CF2-9441-BE71B4FFFE23}"
EndProject
Global
	GlobalSection(SolutionConfigurationPlatforms) = preSolution
		Debug|Any CPU = Debug|Any CPU
		Release|Any CPU = Release|Any CPU
	EndGlobalSection
	GlobalSection(ProjectConfigurationPlatforms) = postSolution
		{68E468A4-4CA0-4124-8B43-99E1B433975A}.Debug|Any CPU.ActiveCfg = Debug|Any CPU
		{68E468A4-4CA0-4124-8B43-99E1B433975A}.Debug|Any CPU.Build.0 = Debug|Any CPU
		{68E468A4-4CA0-4124-8B43-99E1B433975A}.Release|Any CPU.ActiveCfg = Release|Any CPU
		{68E468A4-4CA0-4124-8B43-99E1B433975A}.Release|Any CPU.Build.0 = Release|Any CPU
		{AA238E46-737D-4B7D-836A-A9D15A8418E1}.Debug|Any CPU.ActiveCfg = Debug|Any CPU
		{AA238E46-737D-4B7D-836A-A9D15A8418E1}.Debug|Any CPU.Build.0 = Debug|Any CPU
		{AA238E46-737D-4B7D-836A-A9D15A8418E1}.Release|Any CPU.ActiveCfg = Release|Any CPU
		{AA238E46-737D-4B7D-836A-A9D15A8418E1}.Release|Any CPU.Build.0 = Release|Any CPU
		{83A553B8-677C-4D31-A65A-A665BF925C0B}.Debug|Any CPU.ActiveCfg = Debug|Any CPU
		{83A553B8-677C-4D31-A65A-A665BF925C0B}.Debug|Any CPU.Build.0 = Debug|Any CPU
		{83A553B8-677C-4D31-A65A-A665BF925C0B}.Release|Any CPU.ActiveCfg = Release|Any CPU
		{83A553B8-677C-4D31-A65A-A665BF925C0B}.Release|Any CPU.Build.0 = Release|Any CPU
		{C86186D5-F46F-42F8-978A-1053B91CC883}.Debug|Any CPU.ActiveCfg = Debug|Any CPU
		{C86186D5-F46F-42F8-978A-1053B91CC883}.Debug|Any CPU.Build.0 = Debug|Any CPU
		{C86186D5-F46F-42F8-978A-1053B91CC883}.Release|Any CPU.ActiveCfg = Release|Any CPU
		{C86186D5-F46F-42F8-978A-1053B91CC883}.Release|Any CPU.Build.0 = Release|Any CPU
		{70EC28C6-3E1C-4CF2-9441-BE71B4FFFE23}.Debug|Any CPU.ActiveCfg = Debug|Any CPU
		{70EC28C6-3E1C-4CF2-9441-BE71B4FFFE23}.Debug|Any CPU.Build.0 = Debug|Any CPU
		{70EC28C6-3E1C-4CF2-9441-BE71B4FFFE23}.Release|Any CPU.ActiveCfg = Release|Any CPU
		{70EC28C6-3E1C-4CF2-9441-BE71B4FFFE23}.Release|Any CPU.Build.0 = Release|Any CPU
	EndGlobalSection
	GlobalSection(SolutionProperties) = preSolution
		HideSolutionNode = FALSE
	EndGlobalSection
	GlobalSection(ExtensibilityGlobals) = postSolution
		SolutionGuid = {7D6909A0-4D6F-458F-B6D6-4DE11D1DC986}
	EndGlobalSection
EndGlobal
